
Microsoft Visual Studio Solution File, Format Version 12.00
# Visual Studio Version 17
VisualStudioVersion = 17.11.35327.3
MinimumVisualStudioVersion = 10.0.40219.1
Project("{FAE04EC0-301F-11D3-BF4B-00C04F79EFBC}") = "listaatividades", "listaatividades.csproj", "{16A09D02-B22B-466F-B610-F36D23CFFEFF}"
EndProject
Global
	GlobalSection(SolutionConfigurationPlatforms) = preSolution
		Debug|Any CPU = Debug|Any CPU
		Release|Any CPU = Release|Any CPU
	EndGlobalSection
	GlobalSection(ProjectConfigurationPlatforms) = postSolution
		{16A09D02-B22B-466F-B610-F36D23CFFEFF}.Debug|Any CPU.ActiveCfg = Debug|Any CPU
		{16A09D02-B22B-466F-B610-F36D23CFFEFF}.Debug|Any CPU.Build.0 = Debug|Any CPU
		{16A09D02-B22B-466F-B610-F36D23CFFEFF}.Release|Any CPU.ActiveCfg = Release|Any CPU
		{16A09D02-B22B-466F-B610-F36D23CFFEFF}.Release|Any CPU.Build.0 = Release|Any CPU
	EndGlobalSection
	GlobalSection(SolutionProperties) = preSolution
		HideSolutionNode = FALSE
	EndGlobalSection
	GlobalSection(ExtensibilityGlobals) = postSolution
		SolutionGuid = {75DA6AA2-B073-4CEF-8149-229CC02996FF}
	EndGlobalSection
EndGlobal
